
Microsoft Visual Studio Solution File, Format Version 11.00
# Visual Studio 2010
Project("{8BC9CEB8-8B4A-11D0-8D11-00A0C91BC942}") = "AutoUpdate", "AutoUpdate.vcxproj", "{73E309BD-660B-F0DF-0813-3F261F594CD7}"
EndProject
Global
	GlobalSection(SolutionConfigurationPlatforms) = preSolution
		Debug|Win32 = Debug|Win32
		Release|Win32 = Release|Win32
	EndGlobalSection
	GlobalSection(ProjectConfigurationPlatforms) = postSolution
		{73E309BD-660B-F0DF-0813-3F261F594CD7}.Debug|Win32.ActiveCfg = Debug|Win32
		{73E309BD-660B-F0DF-0813-3F261F594CD7}.Debug|Win32.Build.0 = Debug|Win32
		{73E309BD-660B-F0DF-0813-3F261F594CD7}.Release|Win32.ActiveCfg = Release|Win32
		{73E309BD-660B-F0DF-0813-3F261F594CD7}.Release|Win32.Build.0 = Release|Win32
	EndGlobalSection
	GlobalSection(SolutionProperties) = preSolution
		HideSolutionNode = FALSE
	EndGlobalSection
EndGlobal
